
Microsoft Visual Studio Solution File, Format Version 12.00
# Visual Studio Version 16
VisualStudioVersion = 16.0.30204.135
MinimumVisualStudioVersion = 10.0.40219.1
Project("{FAE04EC0-301F-11D3-BF4B-00C04F79EFBC}") = "probny_kolos_2", "probny_kolos_2\probny_kolos_2.csproj", "{612DA7CA-40ED-4135-991D-0F0D84C44440}"
EndProject
Global
	GlobalSection(SolutionConfigurationPlatforms) = preSolution
		Debug|Any CPU = Debug|Any CPU
		Release|Any CPU = Release|Any CPU
	EndGlobalSection
	GlobalSection(ProjectConfigurationPlatforms) = postSolution
		{612DA7CA-40ED-4135-991D-0F0D84C44440}.Debug|Any CPU.ActiveCfg = Debug|Any CPU
		{612DA7CA-40ED-4135-991D-0F0D84C44440}.Debug|Any CPU.Build.0 = Debug|Any CPU
		{612DA7CA-40ED-4135-991D-0F0D84C44440}.Release|Any CPU.ActiveCfg = Release|Any CPU
		{612DA7CA-40ED-4135-991D-0F0D84C44440}.Release|Any CPU.Build.0 = Release|Any CPU
	EndGlobalSection
	GlobalSection(SolutionProperties) = preSolution
		HideSolutionNode = FALSE
	EndGlobalSection
	GlobalSection(ExtensibilityGlobals) = postSolution
		SolutionGuid = {DC49A8BE-A5F6-4D22-8C70-5749B0799FDA}
	EndGlobalSection
EndGlobal
