
Microsoft Visual Studio Solution File, Format Version 12.00
# Visual Studio Version 16
VisualStudioVersion = 16.0.29905.134
MinimumVisualStudioVersion = 10.0.40219.1
Project("{FAE04EC0-301F-11D3-BF4B-00C04F79EFBC}") = "WebApplication1", "WebApplication1\WebApplication1.csproj", "{756F1A8A-57B0-4CB9-91E1-C4A05F74850A}"
EndProject
Global
	GlobalSection(SolutionConfigurationPlatforms) = preSolution
		Debug|Any CPU = Debug|Any CPU
		Release|Any CPU = Release|Any CPU
	EndGlobalSection
	GlobalSection(ProjectConfigurationPlatforms) = postSolution
		{756F1A8A-57B0-4CB9-91E1-C4A05F74850A}.Debug|Any CPU.ActiveCfg = Debug|Any CPU
		{756F1A8A-57B0-4CB9-91E1-C4A05F74850A}.Debug|Any CPU.Build.0 = Debug|Any CPU
		{756F1A8A-57B0-4CB9-91E1-C4A05F74850A}.Release|Any CPU.ActiveCfg = Release|Any CPU
		{756F1A8A-57B0-4CB9-91E1-C4A05F74850A}.Release|Any CPU.Build.0 = Release|Any CPU
	EndGlobalSection
	GlobalSection(SolutionProperties) = preSolution
		HideSolutionNode = FALSE
	EndGlobalSection
	GlobalSection(ExtensibilityGlobals) = postSolution
		SolutionGuid = {B4091BA3-12F0-4B8E-9296-AD159E3FF102}
	EndGlobalSection
EndGlobal
