
Microsoft Visual Studio Solution File, Format Version 12.00
# Visual Studio Version 16
VisualStudioVersion = 16.0.29905.134
MinimumVisualStudioVersion = 10.0.40219.1
Project("{FAE04EC0-301F-11D3-BF4B-00C04F79EFBC}") = "cw9", "cw9\cw9.csproj", "{3799921E-6D3C-40B2-988C-FB3846020977}"
EndProject
Global
	GlobalSection(SolutionConfigurationPlatforms) = preSolution
		Debug|Any CPU = Debug|Any CPU
		Release|Any CPU = Release|Any CPU
	EndGlobalSection
	GlobalSection(ProjectConfigurationPlatforms) = postSolution
		{3799921E-6D3C-40B2-988C-FB3846020977}.Debug|Any CPU.ActiveCfg = Debug|Any CPU
		{3799921E-6D3C-40B2-988C-FB3846020977}.Debug|Any CPU.Build.0 = Debug|Any CPU
		{3799921E-6D3C-40B2-988C-FB3846020977}.Release|Any CPU.ActiveCfg = Release|Any CPU
		{3799921E-6D3C-40B2-988C-FB3846020977}.Release|Any CPU.Build.0 = Release|Any CPU
	EndGlobalSection
	GlobalSection(SolutionProperties) = preSolution
		HideSolutionNode = FALSE
	EndGlobalSection
	GlobalSection(ExtensibilityGlobals) = postSolution
		SolutionGuid = {05C002E0-D9F2-4685-B64E-9DC400AD033A}
	EndGlobalSection
EndGlobal
